
Microsoft Visual Studio Solution File, Format Version 12.00
# Visual Studio 15
VisualStudioVersion = 15.0.28307.757
MinimumVisualStudioVersion = 10.0.40219.1
Project("{FAE04EC0-301F-11D3-BF4B-00C04F79EFBC}") = "Cart", "Cart\Cart.csproj", "{3E5DEEF4-CCEA-44A5-BC6A-481F35F273C8}"
EndProject
Project("{FAE04EC0-301F-11D3-BF4B-00C04F79EFBC}") = "Cart.Tests", "Cart.Tests\Cart.Tests.csproj", "{84538C5E-7141-4BDC-A8AA-645E409D839D}"
EndProject
Global
	GlobalSection(SolutionConfigurationPlatforms) = preSolution
		Debug|Any CPU = Debug|Any CPU
		Release|Any CPU = Release|Any CPU
	EndGlobalSection
	GlobalSection(ProjectConfigurationPlatforms) = postSolution
		{3E5DEEF4-CCEA-44A5-BC6A-481F35F273C8}.Debug|Any CPU.ActiveCfg = Debug|Any CPU
		{3E5DEEF4-CCEA-44A5-BC6A-481F35F273C8}.Debug|Any CPU.Build.0 = Debug|Any CPU
		{3E5DEEF4-CCEA-44A5-BC6A-481F35F273C8}.Release|Any CPU.ActiveCfg = Release|Any CPU
		{3E5DEEF4-CCEA-44A5-BC6A-481F35F273C8}.Release|Any CPU.Build.0 = Release|Any CPU
		{84538C5E-7141-4BDC-A8AA-645E409D839D}.Debug|Any CPU.ActiveCfg = Debug|Any CPU
		{84538C5E-7141-4BDC-A8AA-645E409D839D}.Debug|Any CPU.Build.0 = Debug|Any CPU
		{84538C5E-7141-4BDC-A8AA-645E409D839D}.Release|Any CPU.ActiveCfg = Release|Any CPU
		{84538C5E-7141-4BDC-A8AA-645E409D839D}.Release|Any CPU.Build.0 = Release|Any CPU
	EndGlobalSection
	GlobalSection(SolutionProperties) = preSolution
		HideSolutionNode = FALSE
	EndGlobalSection
	GlobalSection(ExtensibilityGlobals) = postSolution
		SolutionGuid = {B04CEA3A-EBF6-4985-8BCB-E41C041A124C}
	EndGlobalSection
EndGlobal
